// !$*UTF8*$!
{
	archiveVersion = 1;
	classes = {
	};
	objectVersion = 51;
	objects = {

/* Begin PBXBuildFile section */
		42602E8545EED6B5C7A86930 /* Pods_Challenge.framework in Frameworks */ = {isa = PBXBuildFile; fileRef = 0761959AE16B3CA659C4B021 /* Pods_Challenge.framework */; };
		98EBE1F1CC8E5EB563092D43 /* Pods_ChallengeTests.framework in Frameworks */ = {isa = PBXBuildFile; fileRef = 57E5507BEF0AA2B4F87FFA97 /* Pods_ChallengeTests.framework */; };
		A3C65CA047B7B2D45DED5D14 /* Pods_ChallengeUITests.framework in Frameworks */ = {isa = PBXBuildFile; fileRef = 8DC65CC8152C5A008FF63A9A /* Pods_ChallengeUITests.framework */; };
		B9A35BBA22F5F1710032A8DC /* AppDelegate.swift in Sources */ = {isa = PBXBuildFile; fileRef = B9A35BB922F5F1710032A8DC /* AppDelegate.swift */; };
		B9A35BBF22F5F1710032A8DC /* Main.storyboard in Resources */ = {isa = PBXBuildFile; fileRef = B9A35BBD22F5F1710032A8DC /* Main.storyboard */; };
		B9A35BC122F5F1720032A8DC /* Assets.xcassets in Resources */ = {isa = PBXBuildFile; fileRef = B9A35BC022F5F1720032A8DC /* Assets.xcassets */; };
		B9A35BC422F5F1720032A8DC /* LaunchScreen.storyboard in Resources */ = {isa = PBXBuildFile; fileRef = B9A35BC222F5F1720032A8DC /* LaunchScreen.storyboard */; };
		B9A35BCF22F5F1730032A8DC /* ChallengeTests.swift in Sources */ = {isa = PBXBuildFile; fileRef = B9A35BCE22F5F1730032A8DC /* ChallengeTests.swift */; };
		B9A35BDA22F5F1730032A8DC /* ChallengeUITests.swift in Sources */ = {isa = PBXBuildFile; fileRef = B9A35BD922F5F1730032A8DC /* ChallengeUITests.swift */; };
		B9A35BEB22F5F1F30032A8DC /* ColumnFlowLayout.swift in Sources */ = {isa = PBXBuildFile; fileRef = B9A35BEA22F5F1F30032A8DC /* ColumnFlowLayout.swift */; };
		B9A35BED22F5F2440032A8DC /* StarWarsCollectionViewController.swift in Sources */ = {isa = PBXBuildFile; fileRef = B9A35BEC22F5F2440032A8DC /* StarWarsCollectionViewController.swift */; };
		B9A35BEF22F5F3490032A8DC /* StarWarsCollectionViewCell.swift in Sources */ = {isa = PBXBuildFile; fileRef = B9A35BEE22F5F3490032A8DC /* StarWarsCollectionViewCell.swift */; };
		B9A35BF322F606890032A8DC /* ImageError.swift in Sources */ = {isa = PBXBuildFile; fileRef = B9A35BF222F606890032A8DC /* ImageError.swift */; };
		B9A35BF522F61B040032A8DC /* ImageLoader.swift in Sources */ = {isa = PBXBuildFile; fileRef = B9A35BF422F61B040032A8DC /* ImageLoader.swift */; };
		B9A35BF822F62A610032A8DC /* StarWarsDetailTableViewController.swift in Sources */ = {isa = PBXBuildFile; fileRef = B9A35BF722F62A610032A8DC /* StarWarsDetailTableViewController.swift */; };
		B9B1F5FE22F69A2900950188 /* StoreStarWar.swift in Sources */ = {isa = PBXBuildFile; fileRef = B9B1F5FD22F69A2900950188 /* StoreStarWar.swift */; };
		B9B1F60222F75C6900950188 /* UINavigationController+Extension.swift in Sources */ = {isa = PBXBuildFile; fileRef = B9B1F60122F75C6900950188 /* UINavigationController+Extension.swift */; };
/* End PBXBuildFile section */

/* Begin PBXContainerItemProxy section */
		B9A35BCB22F5F1730032A8DC /* PBXContainerItemProxy */ = {
			isa = PBXContainerItemProxy;
			containerPortal = B9A35BAE22F5F1710032A8DC /* Project object */;
			proxyType = 1;
			remoteGlobalIDString = B9A35BB522F5F1710032A8DC;
			remoteInfo = PhunChallenge;
		};
		B9A35BD622F5F1730032A8DC /* PBXContainerItemProxy */ = {
			isa = PBXContainerItemProxy;
			containerPortal = B9A35BAE22F5F1710032A8DC /* Project object */;
			proxyType = 1;
			remoteGlobalIDString = B9A35BB522F5F1710032A8DC;
			remoteInfo = PhunChallenge;
		};
/* End PBXContainerItemProxy section */

/* Begin PBXFileReference section */
		0761959AE16B3CA659C4B021 /* Pods_Challenge.framework */ = {isa = PBXFileReference; explicitFileType = wrapper.framework; includeInIndex = 0; path = Pods_Challenge.framework; sourceTree = BUILT_PRODUCTS_DIR; };
		144951D9300883BE57CE825E /* Pods-ChallengeTests.release.xcconfig */ = {isa = PBXFileReference; includeInIndex = 1; lastKnownFileType = text.xcconfig; name = "Pods-ChallengeTests.release.xcconfig"; path = "Target Support Files/Pods-ChallengeTests/Pods-ChallengeTests.release.xcconfig"; sourceTree = "<group>"; };
		1A0A3D11D92647FD78401A2B /* Pods-PhunChallengeUITests.debug.xcconfig */ = {isa = PBXFileReference; includeInIndex = 1; lastKnownFileType = text.xcconfig; name = "Pods-PhunChallengeUITests.debug.xcconfig"; path = "Target Support Files/Pods-PhunChallengeUITests/Pods-PhunChallengeUITests.debug.xcconfig"; sourceTree = "<group>"; };
		1C4C0F0A351CE19426C6CBBC /* Pods-PhunChallengeUITests.release.xcconfig */ = {isa = PBXFileReference; includeInIndex = 1; lastKnownFileType = text.xcconfig; name = "Pods-PhunChallengeUITests.release.xcconfig"; path = "Target Support Files/Pods-PhunChallengeUITests/Pods-PhunChallengeUITests.release.xcconfig"; sourceTree = "<group>"; };
		57E5507BEF0AA2B4F87FFA97 /* Pods_ChallengeTests.framework */ = {isa = PBXFileReference; explicitFileType = wrapper.framework; includeInIndex = 0; path = Pods_ChallengeTests.framework; sourceTree = BUILT_PRODUCTS_DIR; };
		5A50DD87CCC436BDE163DE3A /* Pods-PhunChallengeTests.debug.xcconfig */ = {isa = PBXFileReference; includeInIndex = 1; lastKnownFileType = text.xcconfig; name = "Pods-PhunChallengeTests.debug.xcconfig"; path = "Target Support Files/Pods-PhunChallengeTests/Pods-PhunChallengeTests.debug.xcconfig"; sourceTree = "<group>"; };
		6BD03D652F01BF1AE597393F /* Pods-ChallengeUITests.release.xcconfig */ = {isa = PBXFileReference; includeInIndex = 1; lastKnownFileType = text.xcconfig; name = "Pods-ChallengeUITests.release.xcconfig"; path = "Target Support Files/Pods-ChallengeUITests/Pods-ChallengeUITests.release.xcconfig"; sourceTree = "<group>"; };
		6C1DA824568CD567FF963BA3 /* Pods-PhunChallenge.release.xcconfig */ = {isa = PBXFileReference; includeInIndex = 1; lastKnownFileType = text.xcconfig; name = "Pods-PhunChallenge.release.xcconfig"; path = "Target Support Files/Pods-PhunChallenge/Pods-PhunChallenge.release.xcconfig"; sourceTree = "<group>"; };
		8087304A65B8D526954D794F /* Pods-ChallengeTests.debug.xcconfig */ = {isa = PBXFileReference; includeInIndex = 1; lastKnownFileType = text.xcconfig; name = "Pods-ChallengeTests.debug.xcconfig"; path = "Target Support Files/Pods-ChallengeTests/Pods-ChallengeTests.debug.xcconfig"; sourceTree = "<group>"; };
		8DC65CC8152C5A008FF63A9A /* Pods_ChallengeUITests.framework */ = {isa = PBXFileReference; explicitFileType = wrapper.framework; includeInIndex = 0; path = Pods_ChallengeUITests.framework; sourceTree = BUILT_PRODUCTS_DIR; };
		9821A05A6CD94E6150340CF5 /* Pods-PhunChallenge.debug.xcconfig */ = {isa = PBXFileReference; includeInIndex = 1; lastKnownFileType = text.xcconfig; name = "Pods-PhunChallenge.debug.xcconfig"; path = "Target Support Files/Pods-PhunChallenge/Pods-PhunChallenge.debug.xcconfig"; sourceTree = "<group>"; };
		A487BF60151483E3BCD29440 /* Pods-Challenge.debug.xcconfig */ = {isa = PBXFileReference; includeInIndex = 1; lastKnownFileType = text.xcconfig; name = "Pods-Challenge.debug.xcconfig"; path = "Target Support Files/Pods-Challenge/Pods-Challenge.debug.xcconfig"; sourceTree = "<group>"; };
		B9A35BB622F5F1710032A8DC /* Challenge.app */ = {isa = PBXFileReference; explicitFileType = wrapper.application; includeInIndex = 0; path = Challenge.app; sourceTree = BUILT_PRODUCTS_DIR; };
		B9A35BB922F5F1710032A8DC /* AppDelegate.swift */ = {isa = PBXFileReference; lastKnownFileType = sourcecode.swift; path = AppDelegate.swift; sourceTree = "<group>"; };
		B9A35BBE22F5F1710032A8DC /* Base */ = {isa = PBXFileReference; lastKnownFileType = file.storyboard; name = Base; path = Base.lproj/Main.storyboard; sourceTree = "<group>"; };
		B9A35BC022F5F1720032A8DC /* Assets.xcassets */ = {isa = PBXFileReference; lastKnownFileType = folder.assetcatalog; path = Assets.xcassets; sourceTree = "<group>"; };
		B9A35BC322F5F1720032A8DC /* Base */ = {isa = PBXFileReference; lastKnownFileType = file.storyboard; name = Base; path = Base.lproj/LaunchScreen.storyboard; sourceTree = "<group>"; };
		B9A35BC522F5F1720032A8DC /* Info.plist */ = {isa = PBXFileReference; lastKnownFileType = text.plist.xml; path = Info.plist; sourceTree = "<group>"; };
		B9A35BCA22F5F1730032A8DC /* ChallengeTests.xctest */ = {isa = PBXFileReference; explicitFileType = wrapper.cfbundle; includeInIndex = 0; path = ChallengeTests.xctest; sourceTree = BUILT_PRODUCTS_DIR; };
		B9A35BCE22F5F1730032A8DC /* ChallengeTests.swift */ = {isa = PBXFileReference; lastKnownFileType = sourcecode.swift; path = ChallengeTests.swift; sourceTree = "<group>"; };
		B9A35BD022F5F1730032A8DC /* Info.plist */ = {isa = PBXFileReference; lastKnownFileType = text.plist.xml; path = Info.plist; sourceTree = "<group>"; };
		B9A35BD522F5F1730032A8DC /* ChallengeUITests.xctest */ = {isa = PBXFileReference; explicitFileType = wrapper.cfbundle; includeInIndex = 0; path = ChallengeUITests.xctest; sourceTree = BUILT_PRODUCTS_DIR; };
		B9A35BD922F5F1730032A8DC /* ChallengeUITests.swift */ = {isa = PBXFileReference; lastKnownFileType = sourcecode.swift; path = ChallengeUITests.swift; sourceTree = "<group>"; };
		B9A35BDB22F5F1730032A8DC /* Info.plist */ = {isa = PBXFileReference; lastKnownFileType = text.plist.xml; path = Info.plist; sourceTree = "<group>"; };
		B9A35BEA22F5F1F30032A8DC /* ColumnFlowLayout.swift */ = {isa = PBXFileReference; fileEncoding = 4; lastKnownFileType = sourcecode.swift; path = ColumnFlowLayout.swift; sourceTree = "<group>"; };
		B9A35BEC22F5F2440032A8DC /* StarWarsCollectionViewController.swift */ = {isa = PBXFileReference; lastKnownFileType = sourcecode.swift; path = StarWarsCollectionViewController.swift; sourceTree = "<group>"; };
		B9A35BEE22F5F3490032A8DC /* StarWarsCollectionViewCell.swift */ = {isa = PBXFileReference; lastKnownFileType = sourcecode.swift; path = StarWarsCollectionViewCell.swift; sourceTree = "<group>"; };
		B9A35BF222F606890032A8DC /* ImageError.swift */ = {isa = PBXFileReference; lastKnownFileType = sourcecode.swift; path = ImageError.swift; sourceTree = "<group>"; };
		B9A35BF422F61B040032A8DC /* ImageLoader.swift */ = {isa = PBXFileReference; lastKnownFileType = sourcecode.swift; path = ImageLoader.swift; sourceTree = "<group>"; };
		B9A35BF722F62A610032A8DC /* StarWarsDetailTableViewController.swift */ = {isa = PBXFileReference; lastKnownFileType = sourcecode.swift; path = StarWarsDetailTableViewController.swift; sourceTree = "<group>"; };
		B9B1F5FD22F69A2900950188 /* StoreStarWar.swift */ = {isa = PBXFileReference; lastKnownFileType = sourcecode.swift; path = StoreStarWar.swift; sourceTree = "<group>"; };
		B9B1F60122F75C6900950188 /* UINavigationController+Extension.swift */ = {isa = PBXFileReference; lastKnownFileType = sourcecode.swift; path = "UINavigationController+Extension.swift"; sourceTree = "<group>"; };
		BEF4D7EEA8FFB953EE735AC8 /* Pods-Challenge.release.xcconfig */ = {isa = PBXFileReference; includeInIndex = 1; lastKnownFileType = text.xcconfig; name = "Pods-Challenge.release.xcconfig"; path = "Target Support Files/Pods-Challenge/Pods-Challenge.release.xcconfig"; sourceTree = "<group>"; };
		BF370D8871BEBE8CABBF9F5D /* Pods-ChallengeUITests.debug.xcconfig */ = {isa = PBXFileReference; includeInIndex = 1; lastKnownFileType = text.xcconfig; name = "Pods-ChallengeUITests.debug.xcconfig"; path = "Target Support Files/Pods-ChallengeUITests/Pods-ChallengeUITests.debug.xcconfig"; sourceTree = "<group>"; };
		D1E39CDA481FD1F9C61E3648 /* Pods-PhunChallengeTests.release.xcconfig */ = {isa = PBXFileReference; includeInIndex = 1; lastKnownFileType = text.xcconfig; name = "Pods-PhunChallengeTests.release.xcconfig"; path = "Target Support Files/Pods-PhunChallengeTests/Pods-PhunChallengeTests.release.xcconfig"; sourceTree = "<group>"; };
/* End PBXFileReference section */

/* Begin PBXFrameworksBuildPhase section */
		B9A35BB322F5F1710032A8DC /* Frameworks */ = {
			isa = PBXFrameworksBuildPhase;
			buildActionMask = 2147483647;
			files = (
				42602E8545EED6B5C7A86930 /* Pods_Challenge.framework in Frameworks */,
			);
			runOnlyForDeploymentPostprocessing = 0;
		};
		B9A35BC722F5F1730032A8DC /* Frameworks */ = {
			isa = PBXFrameworksBuildPhase;
			buildActionMask = 2147483647;
			files = (
				98EBE1F1CC8E5EB563092D43 /* Pods_ChallengeTests.framework in Frameworks */,
			);
			runOnlyForDeploymentPostprocessing = 0;
		};
		B9A35BD222F5F1730032A8DC /* Frameworks */ = {
			isa = PBXFrameworksBuildPhase;
			buildActionMask = 2147483647;
			files = (
				A3C65CA047B7B2D45DED5D14 /* Pods_ChallengeUITests.framework in Frameworks */,
			);
			runOnlyForDeploymentPostprocessing = 0;
		};
/* End PBXFrameworksBuildPhase section */

/* Begin PBXGroup section */
		04D60167BC48BC492B8FFCF8 /* Pods */ = {
			isa = PBXGroup;
			children = (
				9821A05A6CD94E6150340CF5 /* Pods-PhunChallenge.debug.xcconfig */,
				6C1DA824568CD567FF963BA3 /* Pods-PhunChallenge.release.xcconfig */,
				5A50DD87CCC436BDE163DE3A /* Pods-PhunChallengeTests.debug.xcconfig */,
				D1E39CDA481FD1F9C61E3648 /* Pods-PhunChallengeTests.release.xcconfig */,
				1A0A3D11D92647FD78401A2B /* Pods-PhunChallengeUITests.debug.xcconfig */,
				1C4C0F0A351CE19426C6CBBC /* Pods-PhunChallengeUITests.release.xcconfig */,
				A487BF60151483E3BCD29440 /* Pods-Challenge.debug.xcconfig */,
				BEF4D7EEA8FFB953EE735AC8 /* Pods-Challenge.release.xcconfig */,
				8087304A65B8D526954D794F /* Pods-ChallengeTests.debug.xcconfig */,
				144951D9300883BE57CE825E /* Pods-ChallengeTests.release.xcconfig */,
				BF370D8871BEBE8CABBF9F5D /* Pods-ChallengeUITests.debug.xcconfig */,
				6BD03D652F01BF1AE597393F /* Pods-ChallengeUITests.release.xcconfig */,
			);
			path = Pods;
			sourceTree = "<group>";
		};
		B9A35BAD22F5F1710032A8DC = {
			isa = PBXGroup;
			children = (
				B9A35BB822F5F1710032A8DC /* Challenge */,
				B9A35BCD22F5F1730032A8DC /* ChallengeTests */,
				B9A35BD822F5F1730032A8DC /* ChallengeUITests */,
				B9A35BB722F5F1710032A8DC /* Products */,
				04D60167BC48BC492B8FFCF8 /* Pods */,
				FD7BBEA49C4BF159C504C7D1 /* Frameworks */,
			);
			sourceTree = "<group>";
		};
		B9A35BB722F5F1710032A8DC /* Products */ = {
			isa = PBXGroup;
			children = (
				B9A35BB622F5F1710032A8DC /* Challenge.app */,
				B9A35BCA22F5F1730032A8DC /* ChallengeTests.xctest */,
				B9A35BD522F5F1730032A8DC /* ChallengeUITests.xctest */,
			);
			name = Products;
			sourceTree = "<group>";
		};
		B9A35BB822F5F1710032A8DC /* Challenge */ = {
			isa = PBXGroup;
			children = (
				B9B1F60322F75CD400950188 /* Extensions */,
				B9A35BF622F626A60032A8DC /* Images */,
				B9A35BE922F5F1AD0032A8DC /* ViewController */,
				B9A35BE822F5F1A60032A8DC /* View */,
				B9A35BE722F5F1A10032A8DC /* Model */,
				B9A35BB922F5F1710032A8DC /* AppDelegate.swift */,
				B9A35BBD22F5F1710032A8DC /* Main.storyboard */,
				B9A35BC022F5F1720032A8DC /* Assets.xcassets */,
				B9A35BC222F5F1720032A8DC /* LaunchScreen.storyboard */,
				B9A35BC522F5F1720032A8DC /* Info.plist */,
			);
			path = Challenge;
			sourceTree = "<group>";
		};
		B9A35BCD22F5F1730032A8DC /* ChallengeTests */ = {
			isa = PBXGroup;
			children = (
				B9A35BCE22F5F1730032A8DC /* ChallengeTests.swift */,
				B9A35BD022F5F1730032A8DC /* Info.plist */,
			);
			path = ChallengeTests;
			sourceTree = "<group>";
		};
		B9A35BD822F5F1730032A8DC /* ChallengeUITests */ = {
			isa = PBXGroup;
			children = (
				B9A35BD922F5F1730032A8DC /* ChallengeUITests.swift */,
				B9A35BDB22F5F1730032A8DC /* Info.plist */,
			);
			path = ChallengeUITests;
			sourceTree = "<group>";
		};
		B9A35BE722F5F1A10032A8DC /* Model */ = {
			isa = PBXGroup;
			children = (
				B9B1F5FD22F69A2900950188 /* StoreStarWar.swift */,
			);
			path = Model;
			sourceTree = "<group>";
		};
		B9A35BE822F5F1A60032A8DC /* View */ = {
			isa = PBXGroup;
			children = (
				B9A35BEA22F5F1F30032A8DC /* ColumnFlowLayout.swift */,
				B9A35BEE22F5F3490032A8DC /* StarWarsCollectionViewCell.swift */,
			);
			path = View;
			sourceTree = "<group>";
		};
		B9A35BE922F5F1AD0032A8DC /* ViewController */ = {
			isa = PBXGroup;
			children = (
				B9A35BEC22F5F2440032A8DC /* StarWarsCollectionViewController.swift */,
				B9A35BF722F62A610032A8DC /* StarWarsDetailTableViewController.swift */,
			);
			path = ViewController;
			sourceTree = "<group>";
		};
		B9A35BF622F626A60032A8DC /* Images */ = {
			isa = PBXGroup;
			children = (
				B9A35BF222F606890032A8DC /* ImageError.swift */,
				B9A35BF422F61B040032A8DC /* ImageLoader.swift */,
			);
			path = Images;
			sourceTree = "<group>";
		};
		B9B1F60322F75CD400950188 /* Extensions */ = {
			isa = PBXGroup;
			children = (
				B9B1F60122F75C6900950188 /* UINavigationController+Extension.swift */,
			);
			path = Extensions;
			sourceTree = "<group>";
		};
		FD7BBEA49C4BF159C504C7D1 /* Frameworks */ = {
			isa = PBXGroup;
			children = (
				0761959AE16B3CA659C4B021 /* Pods_Challenge.framework */,
				57E5507BEF0AA2B4F87FFA97 /* Pods_ChallengeTests.framework */,
				8DC65CC8152C5A008FF63A9A /* Pods_ChallengeUITests.framework */,
			);
			name = Frameworks;
			sourceTree = "<group>";
		};
/* End PBXGroup section */

/* Begin PBXNativeTarget section */
		B9A35BB522F5F1710032A8DC /* Challenge */ = {
			isa = PBXNativeTarget;
			buildConfigurationList = B9A35BDE22F5F1730032A8DC /* Build configuration list for PBXNativeTarget "Challenge" */;
			buildPhases = (
				FAF34DFD6C461C28737C587D /* [CP] Check Pods Manifest.lock */,
				B9A35BB222F5F1710032A8DC /* Sources */,
				B9A35BB322F5F1710032A8DC /* Frameworks */,
				B9A35BB422F5F1710032A8DC /* Resources */,
				ABA8C23A14A9C7F5DB8523E9 /* [CP] Embed Pods Frameworks */,
			);
			buildRules = (
			);
			dependencies = (
			);
			name = Challenge;
			productName = PhunChallenge;
			productReference = B9A35BB622F5F1710032A8DC /* Challenge.app */;
			productType = "com.apple.product-type.application";
		};
		B9A35BC922F5F1730032A8DC /* ChallengeTests */ = {
			isa = PBXNativeTarget;
			buildConfigurationList = B9A35BE122F5F1730032A8DC /* Build configuration list for PBXNativeTarget "ChallengeTests" */;
			buildPhases = (
				617EAF42323859065CCC8FB5 /* [CP] Check Pods Manifest.lock */,
				B9A35BC622F5F1730032A8DC /* Sources */,
				B9A35BC722F5F1730032A8DC /* Frameworks */,
				B9A35BC822F5F1730032A8DC /* Resources */,
			);
			buildRules = (
			);
			dependencies = (
				B9A35BCC22F5F1730032A8DC /* PBXTargetDependency */,
			);
			name = ChallengeTests;
			productName = PhunChallengeTests;
			productReference = B9A35BCA22F5F1730032A8DC /* ChallengeTests.xctest */;
			productType = "com.apple.product-type.bundle.unit-test";
		};
		B9A35BD422F5F1730032A8DC /* ChallengeUITests */ = {
			isa = PBXNativeTarget;
			buildConfigurationList = B9A35BE422F5F1730032A8DC /* Build configuration list for PBXNativeTarget "ChallengeUITests" */;
			buildPhases = (
				F3928CA308E15EBB2E5DD73A /* [CP] Check Pods Manifest.lock */,
				B9A35BD122F5F1730032A8DC /* Sources */,
				B9A35BD222F5F1730032A8DC /* Frameworks */,
				B9A35BD322F5F1730032A8DC /* Resources */,
			);
			buildRules = (
			);
			dependencies = (
				B9A35BD722F5F1730032A8DC /* PBXTargetDependency */,
			);
			name = ChallengeUITests;
			productName = PhunChallengeUITests;
			productReference = B9A35BD522F5F1730032A8DC /* ChallengeUITests.xctest */;
			productType = "com.apple.product-type.bundle.ui-testing";
		};
/* End PBXNativeTarget section */

/* Begin PBXProject section */
		B9A35BAE22F5F1710032A8DC /* Project object */ = {
			isa = PBXProject;
			attributes = {
				LastSwiftUpdateCheck = 1020;
				LastUpgradeCheck = 1020;
				ORGANIZATIONNAME = solechang;
				TargetAttributes = {
					B9A35BB522F5F1710032A8DC = {
						CreatedOnToolsVersion = 10.2;
					};
					B9A35BC922F5F1730032A8DC = {
						CreatedOnToolsVersion = 10.2;
						TestTargetID = B9A35BB522F5F1710032A8DC;
					};
					B9A35BD422F5F1730032A8DC = {
						CreatedOnToolsVersion = 10.2;
						TestTargetID = B9A35BB522F5F1710032A8DC;
					};
				};
			};
			buildConfigurationList = B9A35BB122F5F1710032A8DC /* Build configuration list for PBXProject "Challenge" */;
			compatibilityVersion = "Xcode 9.3";
			developmentRegion = en;
			hasScannedForEncodings = 0;
			knownRegions = (
				en,
				Base,
			);
			mainGroup = B9A35BAD22F5F1710032A8DC;
			productRefGroup = B9A35BB722F5F1710032A8DC /* Products */;
			projectDirPath = "";
			projectRoot = "";
			targets = (
				B9A35BB522F5F1710032A8DC /* Challenge */,
				B9A35BC922F5F1730032A8DC /* ChallengeTests */,
				B9A35BD422F5F1730032A8DC /* ChallengeUITests */,
			);
		};
/* End PBXProject section */

/* Begin PBXResourcesBuildPhase section */
		B9A35BB422F5F1710032A8DC /* Resources */ = {
			isa = PBXResourcesBuildPhase;
			buildActionMask = 2147483647;
			files = (
				B9A35BC422F5F1720032A8DC /* LaunchScreen.storyboard in Resources */,
				B9A35BC122F5F1720032A8DC /* Assets.xcassets in Resources */,
				B9A35BBF22F5F1710032A8DC /* Main.storyboard in Resources */,
			);
			runOnlyForDeploymentPostprocessing = 0;
		};
		B9A35BC822F5F1730032A8DC /* Resources */ = {
			isa = PBXResourcesBuildPhase;
			buildActionMask = 2147483647;
			files = (
			);
			runOnlyForDeploymentPostprocessing = 0;
		};
		B9A35BD322F5F1730032A8DC /* Resources */ = {
			isa = PBXResourcesBuildPhase;
			buildActionMask = 2147483647;
			files = (
			);
			runOnlyForDeploymentPostprocessing = 0;
		};
/* End PBXResourcesBuildPhase section */

/* Begin PBXShellScriptBuildPhase section */
		617EAF42323859065CCC8FB5 /* [CP] Check Pods Manifest.lock */ = {
			isa = PBXShellScriptBuildPhase;
			buildActionMask = 2147483647;
			files = (
			);
			inputFileListPaths = (
			);
			inputPaths = (
				"${PODS_PODFILE_DIR_PATH}/Podfile.lock",
				"${PODS_ROOT}/Manifest.lock",
			);
			name = "[CP] Check Pods Manifest.lock";
			outputFileListPaths = (
			);
			outputPaths = (
				"$(DERIVED_FILE_DIR)/Pods-ChallengeTests-checkManifestLockResult.txt",
			);
			runOnlyForDeploymentPostprocessing = 0;
			shellPath = /bin/sh;
			shellScript = "diff \"${PODS_PODFILE_DIR_PATH}/Podfile.lock\" \"${PODS_ROOT}/Manifest.lock\" > /dev/null\nif [ $? != 0 ] ; then\n    # print error to STDERR\n    echo \"error: The sandbox is not in sync with the Podfile.lock. Run 'pod install' or update your CocoaPods installation.\" >&2\n    exit 1\nfi\n# This output is used by Xcode 'outputs' to avoid re-running this script phase.\necho \"SUCCESS\" > \"${SCRIPT_OUTPUT_FILE_0}\"\n";
			showEnvVarsInLog = 0;
		};
		ABA8C23A14A9C7F5DB8523E9 /* [CP] Embed Pods Frameworks */ = {
			isa = PBXShellScriptBuildPhase;
			buildActionMask = 2147483647;
			files = (
			);
			inputFileListPaths = (
				"${PODS_ROOT}/Target Support Files/Pods-Challenge/Pods-Challenge-frameworks-${CONFIGURATION}-input-files.xcfilelist",
			);
			name = "[CP] Embed Pods Frameworks";
			outputFileListPaths = (
				"${PODS_ROOT}/Target Support Files/Pods-Challenge/Pods-Challenge-frameworks-${CONFIGURATION}-output-files.xcfilelist",
			);
			runOnlyForDeploymentPostprocessing = 0;
			shellPath = /bin/sh;
			shellScript = "\"${PODS_ROOT}/Target Support Files/Pods-Challenge/Pods-Challenge-frameworks.sh\"\n";
			showEnvVarsInLog = 0;
		};
		F3928CA308E15EBB2E5DD73A /* [CP] Check Pods Manifest.lock */ = {
			isa = PBXShellScriptBuildPhase;
			buildActionMask = 2147483647;
			files = (
			);
			inputFileListPaths = (
			);
			inputPaths = (
				"${PODS_PODFILE_DIR_PATH}/Podfile.lock",
				"${PODS_ROOT}/Manifest.lock",
			);
			name = "[CP] Check Pods Manifest.lock";
			outputFileListPaths = (
			);
			outputPaths = (
				"$(DERIVED_FILE_DIR)/Pods-ChallengeUITests-checkManifestLockResult.txt",
			);
			runOnlyForDeploymentPostprocessing = 0;
			shellPath = /bin/sh;
			shellScript = "diff \"${PODS_PODFILE_DIR_PATH}/Podfile.lock\" \"${PODS_ROOT}/Manifest.lock\" > /dev/null\nif [ $? != 0 ] ; then\n    # print error to STDERR\n    echo \"error: The sandbox is not in sync with the Podfile.lock. Run 'pod install' or update your CocoaPods installation.\" >&2\n    exit 1\nfi\n# This output is used by Xcode 'outputs' to avoid re-running this script phase.\necho \"SUCCESS\" > \"${SCRIPT_OUTPUT_FILE_0}\"\n";
			showEnvVarsInLog = 0;
		};
		FAF34DFD6C461C28737C587D /* [CP] Check Pods Manifest.lock */ = {
			isa = PBXShellScriptBuildPhase;
			buildActionMask = 2147483647;
			files = (
			);
			inputFileListPaths = (
			);
			inputPaths = (
				"${PODS_PODFILE_DIR_PATH}/Podfile.lock",
				"${PODS_ROOT}/Manifest.lock",
			);
			name = "[CP] Check Pods Manifest.lock";
			outputFileListPaths = (
			);
			outputPaths = (
				"$(DERIVED_FILE_DIR)/Pods-Challenge-checkManifestLockResult.txt",
			);
			runOnlyForDeploymentPostprocessing = 0;
			shellPath = /bin/sh;
			shellScript = "diff \"${PODS_PODFILE_DIR_PATH}/Podfile.lock\" \"${PODS_ROOT}/Manifest.lock\" > /dev/null\nif [ $? != 0 ] ; then\n    # print error to STDERR\n    echo \"error: The sandbox is not in sync with the Podfile.lock. Run 'pod install' or update your CocoaPods installation.\" >&2\n    exit 1\nfi\n# This output is used by Xcode 'outputs' to avoid re-running this script phase.\necho \"SUCCESS\" > \"${SCRIPT_OUTPUT_FILE_0}\"\n";
			showEnvVarsInLog = 0;
		};
/* End PBXShellScriptBuildPhase section */

/* Begin PBXSourcesBuildPhase section */
		B9A35BB222F5F1710032A8DC /* Sources */ = {
			isa = PBXSourcesBuildPhase;
			buildActionMask = 2147483647;
			files = (
				B9A35BF522F61B040032A8DC /* ImageLoader.swift in Sources */,
				B9A35BBA22F5F1710032A8DC /* AppDelegate.swift in Sources */,
				B9A35BEB22F5F1F30032A8DC /* ColumnFlowLayout.swift in Sources */,
				B9A35BF822F62A610032A8DC /* StarWarsDetailTableViewController.swift in Sources */,
				B9A35BF322F606890032A8DC /* ImageError.swift in Sources */,
				B9B1F5FE22F69A2900950188 /* StoreStarWar.swift in Sources */,
				B9A35BEF22F5F3490032A8DC /* StarWarsCollectionViewCell.swift in Sources */,
				B9B1F60222F75C6900950188 /* UINavigationController+Extension.swift in Sources */,
				B9A35BED22F5F2440032A8DC /* StarWarsCollectionViewController.swift in Sources */,
			);
			runOnlyForDeploymentPostprocessing = 0;
		};
		B9A35BC622F5F1730032A8DC /* Sources */ = {
			isa = PBXSourcesBuildPhase;
			buildActionMask = 2147483647;
			files = (
				B9A35BCF22F5F1730032A8DC /* ChallengeTests.swift in Sources */,
			);
			runOnlyForDeploymentPostprocessing = 0;
		};
		B9A35BD122F5F1730032A8DC /* Sources */ = {
			isa = PBXSourcesBuildPhase;
			buildActionMask = 2147483647;
			files = (
				B9A35BDA22F5F1730032A8DC /* ChallengeUITests.swift in Sources */,
			);
			runOnlyForDeploymentPostprocessing = 0;
		};
/* End PBXSourcesBuildPhase section */

/* Begin PBXTargetDependency section */
		B9A35BCC22F5F1730032A8DC /* PBXTargetDependency */ = {
			isa = PBXTargetDependency;
			target = B9A35BB522F5F1710032A8DC /* Challenge */;
			targetProxy = B9A35BCB22F5F1730032A8DC /* PBXContainerItemProxy */;
		};
		B9A35BD722F5F1730032A8DC /* PBXTargetDependency */ = {
			isa = PBXTargetDependency;
			target = B9A35BB522F5F1710032A8DC /* Challenge */;
			targetProxy = B9A35BD622F5F1730032A8DC /* PBXContainerItemProxy */;
		};
/* End PBXTargetDependency section */

/* Begin PBXVariantGroup section */
		B9A35BBD22F5F1710032A8DC /* Main.storyboard */ = {
			isa = PBXVariantGroup;
			children = (
				B9A35BBE22F5F1710032A8DC /* Base */,
			);
			name = Main.storyboard;
			sourceTree = "<group>";
		};
		B9A35BC222F5F1720032A8DC /* LaunchScreen.storyboard */ = {
			isa = PBXVariantGroup;
			children = (
				B9A35BC322F5F1720032A8DC /* Base */,
			);
			name = LaunchScreen.storyboard;
			sourceTree = "<group>";
		};
/* End PBXVariantGroup section */

/* Begin XCBuildConfiguration section */
		B9A35BDC22F5F1730032A8DC /* Debug */ = {
			isa = XCBuildConfiguration;
			buildSettings = {
				ALWAYS_SEARCH_USER_PATHS = NO;
				CLANG_ANALYZER_NONNULL = YES;
				CLANG_ANALYZER_NUMBER_OBJECT_CONVERSION = YES_AGGRESSIVE;
				CLANG_CXX_LANGUAGE_STANDARD = "gnu++14";
				CLANG_CXX_LIBRARY = "libc++";
				CLANG_ENABLE_MODULES = YES;
				CLANG_ENABLE_OBJC_ARC = YES;
				CLANG_ENABLE_OBJC_WEAK = YES;
				CLANG_WARN_BLOCK_CAPTURE_AUTORELEASING = YES;
				CLANG_WARN_BOOL_CONVERSION = YES;
				CLANG_WARN_COMMA = YES;
				CLANG_WARN_CONSTANT_CONVERSION = YES;
				CLANG_WARN_DEPRECATED_OBJC_IMPLEMENTATIONS = YES;
				CLANG_WARN_DIRECT_OBJC_ISA_USAGE = YES_ERROR;
				CLANG_WARN_DOCUMENTATION_COMMENTS = YES;
				CLANG_WARN_EMPTY_BODY = YES;
				CLANG_WARN_ENUM_CONVERSION = YES;
				CLANG_WARN_INFINITE_RECURSION = YES;
				CLANG_WARN_INT_CONVERSION = YES;
				CLANG_WARN_NON_LITERAL_NULL_CONVERSION = YES;
				CLANG_WARN_OBJC_IMPLICIT_RETAIN_SELF = YES;
				CLANG_WARN_OBJC_LITERAL_CONVERSION = YES;
				CLANG_WARN_OBJC_ROOT_CLASS = YES_ERROR;
				CLANG_WARN_RANGE_LOOP_ANALYSIS = YES;
				CLANG_WARN_STRICT_PROTOTYPES = YES;
				CLANG_WARN_SUSPICIOUS_MOVE = YES;
				CLANG_WARN_UNGUARDED_AVAILABILITY = YES_AGGRESSIVE;
				CLANG_WARN_UNREACHABLE_CODE = YES;
				CLANG_WARN__DUPLICATE_METHOD_MATCH = YES;
				CODE_SIGN_IDENTITY = "iPhone Developer";
				COPY_PHASE_STRIP = NO;
				DEBUG_INFORMATION_FORMAT = dwarf;
				ENABLE_STRICT_OBJC_MSGSEND = YES;
				ENABLE_TESTABILITY = YES;
				GCC_C_LANGUAGE_STANDARD = gnu11;
				GCC_DYNAMIC_NO_PIC = NO;
				GCC_NO_COMMON_BLOCKS = YES;
				GCC_OPTIMIZATION_LEVEL = 0;
				GCC_PREPROCESSOR_DEFINITIONS = (
					"DEBUG=1",
					"$(inherited)",
				);
				GCC_WARN_64_TO_32_BIT_CONVERSION = YES;
				GCC_WARN_ABOUT_RETURN_TYPE = YES_ERROR;
				GCC_WARN_UNDECLARED_SELECTOR = YES;
				GCC_WARN_UNINITIALIZED_AUTOS = YES_AGGRESSIVE;
				GCC_WARN_UNUSED_FUNCTION = YES;
				GCC_WARN_UNUSED_VARIABLE = YES;
				IPHONEOS_DEPLOYMENT_TARGET = 12.2;
				MTL_ENABLE_DEBUG_INFO = INCLUDE_SOURCE;
				MTL_FAST_MATH = YES;
				ONLY_ACTIVE_ARCH = YES;
				SDKROOT = iphoneos;
				SWIFT_ACTIVE_COMPILATION_CONDITIONS = DEBUG;
				SWIFT_OPTIMIZATION_LEVEL = "-Onone";
			};
			name = Debug;
		};
		B9A35BDD22F5F1730032A8DC /* Release */ = {
			isa = XCBuildConfiguration;
			buildSettings = {
				ALWAYS_SEARCH_USER_PATHS = NO;
				CLANG_ANALYZER_NONNULL = YES;
				CLANG_ANALYZER_NUMBER_OBJECT_CONVERSION = YES_AGGRESSIVE;
				CLANG_CXX_LANGUAGE_STANDARD = "gnu++14";
				CLANG_CXX_LIBRARY = "libc++";
				CLANG_ENABLE_MODULES = YES;
				CLANG_ENABLE_OBJC_ARC = YES;
				CLANG_ENABLE_OBJC_WEAK = YES;
				CLANG_WARN_BLOCK_CAPTURE_AUTORELEASING = YES;
				CLANG_WARN_BOOL_CONVERSION = YES;
				CLANG_WARN_COMMA = YES;
				CLANG_WARN_CONSTANT_CONVERSION = YES;
				CLANG_WARN_DEPRECATED_OBJC_IMPLEMENTATIONS = YES;
				CLANG_WARN_DIRECT_OBJC_ISA_USAGE = YES_ERROR;
				CLANG_WARN_DOCUMENTATION_COMMENTS = YES;
				CLANG_WARN_EMPTY_BODY = YES;
				CLANG_WARN_ENUM_CONVERSION = YES;
				CLANG_WARN_INFINITE_RECURSION = YES;
				CLANG_WARN_INT_CONVERSION = YES;
				CLANG_WARN_NON_LITERAL_NULL_CONVERSION = YES;
				CLANG_WARN_OBJC_IMPLICIT_RETAIN_SELF = YES;
				CLANG_WARN_OBJC_LITERAL_CONVERSION = YES;
				CLANG_WARN_OBJC_ROOT_CLASS = YES_ERROR;
				CLANG_WARN_RANGE_LOOP_ANALYSIS = YES;
				CLANG_WARN_STRICT_PROTOTYPES = YES;
				CLANG_WARN_SUSPICIOUS_MOVE = YES;
				CLANG_WARN_UNGUARDED_AVAILABILITY = YES_AGGRESSIVE;
				CLANG_WARN_UNREACHABLE_CODE = YES;
				CLANG_WARN__DUPLICATE_METHOD_MATCH = YES;
				CODE_SIGN_IDENTITY = "iPhone Developer";
				COPY_PHASE_STRIP = NO;
				DEBUG_INFORMATION_FORMAT = "dwarf-with-dsym";
				ENABLE_NS_ASSERTIONS = NO;
				ENABLE_STRICT_OBJC_MSGSEND = YES;
				GCC_C_LANGUAGE_STANDARD = gnu11;
				GCC_NO_COMMON_BLOCKS = YES;
				GCC_WARN_64_TO_32_BIT_CONVERSION = YES;
				GCC_WARN_ABOUT_RETURN_TYPE = YES_ERROR;
				GCC_WARN_UNDECLARED_SELECTOR = YES;
				GCC_WARN_UNINITIALIZED_AUTOS = YES_AGGRESSIVE;
				GCC_WARN_UNUSED_FUNCTION = YES;
				GCC_WARN_UNUSED_VARIABLE = YES;
				IPHONEOS_DEPLOYMENT_TARGET = 12.2;
				MTL_ENABLE_DEBUG_INFO = NO;
				MTL_FAST_MATH = YES;
				SDKROOT = iphoneos;
				SWIFT_COMPILATION_MODE = wholemodule;
				SWIFT_OPTIMIZATION_LEVEL = "-O";
				VALIDATE_PRODUCT = YES;
			};
			name = Release;
		};
		B9A35BDF22F5F1730032A8DC /* Debug */ = {
			isa = XCBuildConfiguration;
			baseConfigurationReference = A487BF60151483E3BCD29440 /* Pods-Challenge.debug.xcconfig */;
			buildSettings = {
				ASSETCATALOG_COMPILER_APPICON_NAME = AppIcon;
				CODE_SIGN_STYLE = Automatic;
				DEVELOPMENT_TEAM = U4ZPUQR8GQ;
				INFOPLIST_FILE = Challenge/Info.plist;
				LD_RUNPATH_SEARCH_PATHS = (
					"$(inherited)",
					"@executable_path/Frameworks",
				);
				PRODUCT_BUNDLE_IDENTIFIER = com.solechang.Challenge;
				PRODUCT_NAME = "$(TARGET_NAME)";
				SWIFT_VERSION = 5.0;
				TARGETED_DEVICE_FAMILY = "1,2";
			};
			name = Debug;
		};
		B9A35BE022F5F1730032A8DC /* Release */ = {
			isa = XCBuildConfiguration;
			baseConfigurationReference = BEF4D7EEA8FFB953EE735AC8 /* Pods-Challenge.release.xcconfig */;
			buildSettings = {
				ASSETCATALOG_COMPILER_APPICON_NAME = AppIcon;
				CODE_SIGN_STYLE = Automatic;
				DEVELOPMENT_TEAM = U4ZPUQR8GQ;
				INFOPLIST_FILE = Challenge/Info.plist;
				LD_RUNPATH_SEARCH_PATHS = (
					"$(inherited)",
					"@executable_path/Frameworks",
				);
				PRODUCT_BUNDLE_IDENTIFIER = com.solechang.Challenge;
				PRODUCT_NAME = "$(TARGET_NAME)";
				SWIFT_VERSION = 5.0;
				TARGETED_DEVICE_FAMILY = "1,2";
			};
			name = Release;
		};
		B9A35BE222F5F1730032A8DC /* Debug */ = {
			isa = XCBuildConfiguration;
			baseConfigurationReference = 8087304A65B8D526954D794F /* Pods-ChallengeTests.debug.xcconfig */;
			buildSettings = {
				ALWAYS_EMBED_SWIFT_STANDARD_LIBRARIES = YES;
				BUNDLE_LOADER = "$(TEST_HOST)";
				CODE_SIGN_STYLE = Automatic;
				DEVELOPMENT_TEAM = U4ZPUQR8GQ;
				INFOPLIST_FILE = ChallengeTests/Info.plist;
				LD_RUNPATH_SEARCH_PATHS = (
					"$(inherited)",
					"@executable_path/Frameworks",
					"@loader_path/Frameworks",
				);
				PRODUCT_BUNDLE_IDENTIFIER = com.solechang.ChallengeTests;
				PRODUCT_NAME = "$(TARGET_NAME)";
				SWIFT_VERSION = 5.0;
				TARGETED_DEVICE_FAMILY = "1,2";
				TEST_HOST = "$(BUILT_PRODUCTS_DIR)/Challenge.app/Challenge";
			};
			name = Debug;
		};
		B9A35BE322F5F1730032A8DC /* Release */ = {
			isa = XCBuildConfiguration;
			baseConfigurationReference = 144951D9300883BE57CE825E /* Pods-ChallengeTests.release.xcconfig */;
			buildSettings = {
				ALWAYS_EMBED_SWIFT_STANDARD_LIBRARIES = YES;
				BUNDLE_LOADER = "$(TEST_HOST)";
				CODE_SIGN_STYLE = Automatic;
				DEVELOPMENT_TEAM = U4ZPUQR8GQ;
				INFOPLIST_FILE = ChallengeTests/Info.plist;
				LD_RUNPATH_SEARCH_PATHS = (
					"$(inherited)",
					"@executable_path/Frameworks",
					"@loader_path/Frameworks",
				);
				PRODUCT_BUNDLE_IDENTIFIER = com.solechang.ChallengeTests;
				PRODUCT_NAME = "$(TARGET_NAME)";
				SWIFT_VERSION = 5.0;
				TARGETED_DEVICE_FAMILY = "1,2";
				TEST_HOST = "$(BUILT_PRODUCTS_DIR)/Challenge.app/Challenge";
			};
			name = Release;
		};
		B9A35BE522F5F1730032A8DC /* Debug */ = {
			isa = XCBuildConfiguration;
			baseConfigurationReference = BF370D8871BEBE8CABBF9F5D /* Pods-ChallengeUITests.debug.xcconfig */;
			buildSettings = {
				ALWAYS_EMBED_SWIFT_STANDARD_LIBRARIES = YES;
				CODE_SIGN_STYLE = Automatic;
				DEVELOPMENT_TEAM = U4ZPUQR8GQ;
				INFOPLIST_FILE = ChallengeUITests/Info.plist;
				LD_RUNPATH_SEARCH_PATHS = (
					"$(inherited)",
					"@executable_path/Frameworks",
					"@loader_path/Frameworks",
				);
				PRODUCT_BUNDLE_IDENTIFIER = com.solechang.ChallengeUITests;
				PRODUCT_NAME = "$(TARGET_NAME)";
				SWIFT_VERSION = 5.0;
				TARGETED_DEVICE_FAMILY = "1,2";
				TEST_TARGET_NAME = Challenge;
			};
			name = Debug;
		};
		B9A35BE622F5F1730032A8DC /* Release */ = {
			isa = XCBuildConfiguration;
			baseConfigurationReference = 6BD03D652F01BF1AE597393F /* Pods-ChallengeUITests.release.xcconfig */;
			buildSettings = {
				ALWAYS_EMBED_SWIFT_STANDARD_LIBRARIES = YES;
				CODE_SIGN_STYLE = Automatic;
				DEVELOPMENT_TEAM = U4ZPUQR8GQ;
				INFOPLIST_FILE = ChallengeUITests/Info.plist;
				LD_RUNPATH_SEARCH_PATHS = (
					"$(inherited)",
					"@executable_path/Frameworks",
					"@loader_path/Frameworks",
				);
				PRODUCT_BUNDLE_IDENTIFIER = com.solechang.ChallengeUITests;
				PRODUCT_NAME = "$(TARGET_NAME)";
				SWIFT_VERSION = 5.0;
				TARGETED_DEVICE_FAMILY = "1,2";
				TEST_TARGET_NAME = Challenge;
			};
			name = Release;
		};
/* End XCBuildConfiguration section */

/* Begin XCConfigurationList section */
		B9A35BB122F5F1710032A8DC /* Build configuration list for PBXProject "Challenge" */ = {
			isa = XCConfigurationList;
			buildConfigurations = (
				B9A35BDC22F5F1730032A8DC /* Debug */,
				B9A35BDD22F5F1730032A8DC /* Release */,
			);
			defaultConfigurationIsVisible = 0;
			defaultConfigurationName = Release;
		};
		B9A35BDE22F5F1730032A8DC /* Build configuration list for PBXNativeTarget "Challenge" */ = {
			isa = XCConfigurationList;
			buildConfigurations = (
				B9A35BDF22F5F1730032A8DC /* Debug */,
				B9A35BE022F5F1730032A8DC /* Release */,
			);
			defaultConfigurationIsVisible = 0;
			defaultConfigurationName = Release;
		};
		B9A35BE122F5F1730032A8DC /* Build configuration list for PBXNativeTarget "ChallengeTests" */ = {
			isa = XCConfigurationList;
			buildConfigurations = (
				B9A35BE222F5F1730032A8DC /* Debug */,
				B9A35BE322F5F1730032A8DC /* Release */,
			);
			defaultConfigurationIsVisible = 0;
			defaultConfigurationName = Release;
		};
		B9A35BE422F5F1730032A8DC /* Build configuration list for PBXNativeTarget "ChallengeUITests" */ = {
			isa = XCConfigurationList;
			buildConfigurations = (
				B9A35BE522F5F1730032A8DC /* Debug */,
				B9A35BE622F5F1730032A8DC /* Release */,
			);
			defaultConfigurationIsVisible = 0;
			defaultConfigurationName = Release;
		};
/* End XCConfigurationList section */
	};
	rootObject = B9A35BAE22F5F1710032A8DC /* Project object */;
}
